// !$*UTF8*$!
{
	archiveVersion = 1;
	classes = {
	};
	objectVersion = 55;
	objects = {

/* Begin PBXBuildFile section */
		2E2BAA2827E747B8005C87B7 /* Assets.xcassets in Resources */ = {isa = PBXBuildFile; fileRef = 2E2BAA2727E747B8005C87B7 /* Assets.xcassets */; };
		2E2BAA2B27E747B8005C87B7 /* Main.storyboard in Resources */ = {isa = PBXBuildFile; fileRef = 2E2BAA2927E747B8005C87B7 /* Main.storyboard */; };
		2E2BAA4227E748A9005C87B7 /* liballegro_video.5.2.7.dylib in Frameworks */ = {isa = PBXBuildFile; fileRef = 2E2BAA3527E748A9005C87B7 /* liballegro_video.5.2.7.dylib */; };
		2E2BAA4327E748A9005C87B7 /* liballegro_video.5.2.7.dylib in Embed Libraries */ = {isa = PBXBuildFile; fileRef = 2E2BAA3527E748A9005C87B7 /* liballegro_video.5.2.7.dylib */; settings = {ATTRIBUTES = (CodeSignOnCopy, ); }; };
		2E2BAA4427E748AA005C87B7 /* liballegro_ttf.5.2.7.dylib in Frameworks */ = {isa = PBXBuildFile; fileRef = 2E2BAA3627E748A9005C87B7 /* liballegro_ttf.5.2.7.dylib */; };
		2E2BAA4527E748AA005C87B7 /* liballegro_ttf.5.2.7.dylib in Embed Libraries */ = {isa = PBXBuildFile; fileRef = 2E2BAA3627E748A9005C87B7 /* liballegro_ttf.5.2.7.dylib */; settings = {ATTRIBUTES = (CodeSignOnCopy, ); }; };
		2E2BAA4627E748AA005C87B7 /* liballegro.5.2.7.dylib in Frameworks */ = {isa = PBXBuildFile; fileRef = 2E2BAA3727E748A9005C87B7 /* liballegro.5.2.7.dylib */; };
		2E2BAA4727E748AA005C87B7 /* liballegro.5.2.7.dylib in Embed Libraries */ = {isa = PBXBuildFile; fileRef = 2E2BAA3727E748A9005C87B7 /* liballegro.5.2.7.dylib */; settings = {ATTRIBUTES = (CodeSignOnCopy, ); }; };
		2E2BAA4827E748AA005C87B7 /* liballegro_audio.5.2.7.dylib in Frameworks */ = {isa = PBXBuildFile; fileRef = 2E2BAA3827E748A9005C87B7 /* liballegro_audio.5.2.7.dylib */; };
		2E2BAA4927E748AA005C87B7 /* liballegro_audio.5.2.7.dylib in Embed Libraries */ = {isa = PBXBuildFile; fileRef = 2E2BAA3827E748A9005C87B7 /* liballegro_audio.5.2.7.dylib */; settings = {ATTRIBUTES = (CodeSignOnCopy, ); }; };
		2E2BAA4A27E748AA005C87B7 /* liballegro_physfs.5.2.7.dylib in Frameworks */ = {isa = PBXBuildFile; fileRef = 2E2BAA3927E748A9005C87B7 /* liballegro_physfs.5.2.7.dylib */; };
		2E2BAA4B27E748AA005C87B7 /* liballegro_physfs.5.2.7.dylib in Embed Libraries */ = {isa = PBXBuildFile; fileRef = 2E2BAA3927E748A9005C87B7 /* liballegro_physfs.5.2.7.dylib */; settings = {ATTRIBUTES = (CodeSignOnCopy, ); }; };
		2E2BAA4C27E748AA005C87B7 /* liballegro_main.5.2.7.dylib in Frameworks */ = {isa = PBXBuildFile; fileRef = 2E2BAA3A27E748A9005C87B7 /* liballegro_main.5.2.7.dylib */; };
		2E2BAA4D27E748AA005C87B7 /* liballegro_main.5.2.7.dylib in Embed Libraries */ = {isa = PBXBuildFile; fileRef = 2E2BAA3A27E748A9005C87B7 /* liballegro_main.5.2.7.dylib */; settings = {ATTRIBUTES = (CodeSignOnCopy, ); }; };
		2E2BAA4E27E748AA005C87B7 /* liballegro_acodec.5.2.7.dylib in Frameworks */ = {isa = PBXBuildFile; fileRef = 2E2BAA3B27E748A9005C87B7 /* liballegro_acodec.5.2.7.dylib */; };
		2E2BAA4F27E748AA005C87B7 /* liballegro_acodec.5.2.7.dylib in Embed Libraries */ = {isa = PBXBuildFile; fileRef = 2E2BAA3B27E748A9005C87B7 /* liballegro_acodec.5.2.7.dylib */; settings = {ATTRIBUTES = (CodeSignOnCopy, ); }; };
		2E2BAA5027E748AA005C87B7 /* liballegro_primitives.5.2.7.dylib in Frameworks */ = {isa = PBXBuildFile; fileRef = 2E2BAA3C27E748A9005C87B7 /* liballegro_primitives.5.2.7.dylib */; };
		2E2BAA5127E748AA005C87B7 /* liballegro_primitives.5.2.7.dylib in Embed Libraries */ = {isa = PBXBuildFile; fileRef = 2E2BAA3C27E748A9005C87B7 /* liballegro_primitives.5.2.7.dylib */; settings = {ATTRIBUTES = (CodeSignOnCopy, ); }; };
		2E2BAA5227E748AA005C87B7 /* liballegro_image.5.2.7.dylib in Frameworks */ = {isa = PBXBuildFile; fileRef = 2E2BAA3D27E748A9005C87B7 /* liballegro_image.5.2.7.dylib */; };
		2E2BAA5327E748AA005C87B7 /* liballegro_image.5.2.7.dylib in Embed Libraries */ = {isa = PBXBuildFile; fileRef = 2E2BAA3D27E748A9005C87B7 /* liballegro_image.5.2.7.dylib */; settings = {ATTRIBUTES = (CodeSignOnCopy, ); }; };
		2E2BAA5427E748AA005C87B7 /* liballegro_dialog.5.2.7.dylib in Frameworks */ = {isa = PBXBuildFile; fileRef = 2E2BAA3E27E748A9005C87B7 /* liballegro_dialog.5.2.7.dylib */; };
		2E2BAA5527E748AA005C87B7 /* liballegro_dialog.5.2.7.dylib in Embed Libraries */ = {isa = PBXBuildFile; fileRef = 2E2BAA3E27E748A9005C87B7 /* liballegro_dialog.5.2.7.dylib */; settings = {ATTRIBUTES = (CodeSignOnCopy, ); }; };
		2E2BAA5627E748AA005C87B7 /* liballegro_color.5.2.7.dylib in Frameworks */ = {isa = PBXBuildFile; fileRef = 2E2BAA3F27E748A9005C87B7 /* liballegro_color.5.2.7.dylib */; };
		2E2BAA5727E748AA005C87B7 /* liballegro_color.5.2.7.dylib in Embed Libraries */ = {isa = PBXBuildFile; fileRef = 2E2BAA3F27E748A9005C87B7 /* liballegro_color.5.2.7.dylib */; settings = {ATTRIBUTES = (CodeSignOnCopy, ); }; };
		2E2BAA5827E748AA005C87B7 /* liballegro_memfile.5.2.7.dylib in Frameworks */ = {isa = PBXBuildFile; fileRef = 2E2BAA4027E748A9005C87B7 /* liballegro_memfile.5.2.7.dylib */; };
		2E2BAA5927E748AA005C87B7 /* liballegro_memfile.5.2.7.dylib in Embed Libraries */ = {isa = PBXBuildFile; fileRef = 2E2BAA4027E748A9005C87B7 /* liballegro_memfile.5.2.7.dylib */; settings = {ATTRIBUTES = (CodeSignOnCopy, ); }; };
		2E2BAA5A27E748AA005C87B7 /* liballegro_font.5.2.7.dylib in Frameworks */ = {isa = PBXBuildFile; fileRef = 2E2BAA4127E748A9005C87B7 /* liballegro_font.5.2.7.dylib */; };
		2E2BAA5B27E748AA005C87B7 /* liballegro_font.5.2.7.dylib in Embed Libraries */ = {isa = PBXBuildFile; fileRef = 2E2BAA4127E748A9005C87B7 /* liballegro_font.5.2.7.dylib */; settings = {ATTRIBUTES = (CodeSignOnCopy, ); }; };
		2E2BAA5F27E748FA005C87B7 /* main.c in Sources */ = {isa = PBXBuildFile; fileRef = 2E2BAA5E27E748FA005C87B7 /* main.c */; };
		2E5DAE4927F44232001D5E75 /* List.c in Sources */ = {isa = PBXBuildFile; fileRef = 2E5DAE4827F44232001D5E75 /* List.c */; };
		2E5DAE4C27F44323001D5E75 /* Queue.c in Sources */ = {isa = PBXBuildFile; fileRef = 2E5DAE4B27F44323001D5E75 /* Queue.c */; };
		2E5DAE4F27F44347001D5E75 /* Graph.c in Sources */ = {isa = PBXBuildFile; fileRef = 2E5DAE4E27F44347001D5E75 /* Graph.c */; };
/* End PBXBuildFile section */

/* Begin PBXCopyFilesBuildPhase section */
		2E2BAA5C27E748AA005C87B7 /* Embed Libraries */ = {
			isa = PBXCopyFilesBuildPhase;
			buildActionMask = 2147483647;
			dstPath = "";
			dstSubfolderSpec = 10;
			files = (
				2E2BAA4D27E748AA005C87B7 /* liballegro_main.5.2.7.dylib in Embed Libraries */,
				2E2BAA5127E748AA005C87B7 /* liballegro_primitives.5.2.7.dylib in Embed Libraries */,
				2E2BAA4B27E748AA005C87B7 /* liballegro_physfs.5.2.7.dylib in Embed Libraries */,
				2E2BAA4927E748AA005C87B7 /* liballegro_audio.5.2.7.dylib in Embed Libraries */,
				2E2BAA5B27E748AA005C87B7 /* liballegro_font.5.2.7.dylib in Embed Libraries */,
				2E2BAA5327E748AA005C87B7 /* liballegro_image.5.2.7.dylib in Embed Libraries */,
				2E2BAA4527E748AA005C87B7 /* liballegro_ttf.5.2.7.dylib in Embed Libraries */,
				2E2BAA5727E748AA005C87B7 /* liballegro_color.5.2.7.dylib in Embed Libraries */,
				2E2BAA5927E748AA005C87B7 /* liballegro_memfile.5.2.7.dylib in Embed Libraries */,
				2E2BAA4327E748A9005C87B7 /* liballegro_video.5.2.7.dylib in Embed Libraries */,
				2E2BAA5527E748AA005C87B7 /* liballegro_dialog.5.2.7.dylib in Embed Libraries */,
				2E2BAA4727E748AA005C87B7 /* liballegro.5.2.7.dylib in Embed Libraries */,
				2E2BAA4F27E748AA005C87B7 /* liballegro_acodec.5.2.7.dylib in Embed Libraries */,
			);
			name = "Embed Libraries";
			runOnlyForDeploymentPostprocessing = 0;
		};
/* End PBXCopyFilesBuildPhase section */

/* Begin PBXFileReference section */
		2E2BAA1E27E747B6005C87B7 /* Przeszukiwanie Grafu metoda BFS.app */ = {isa = PBXFileReference; explicitFileType = wrapper.application; includeInIndex = 0; path = "Przeszukiwanie Grafu metoda BFS.app"; sourceTree = BUILT_PRODUCTS_DIR; };
		2E2BAA2727E747B8005C87B7 /* Assets.xcassets */ = {isa = PBXFileReference; lastKnownFileType = folder.assetcatalog; path = Assets.xcassets; sourceTree = "<group>"; };
		2E2BAA2A27E747B8005C87B7 /* Base */ = {isa = PBXFileReference; lastKnownFileType = file.storyboard; name = Base; path = Base.lproj/Main.storyboard; sourceTree = "<group>"; };
		2E2BAA2E27E747B8005C87B7 /* Przeszukiwanie_Grafu_metoda_BFS.entitlements */ = {isa = PBXFileReference; lastKnownFileType = text.plist.entitlements; path = Przeszukiwanie_Grafu_metoda_BFS.entitlements; sourceTree = "<group>"; };
		2E2BAA3527E748A9005C87B7 /* liballegro_video.5.2.7.dylib */ = {isa = PBXFileReference; lastKnownFileType = "compiled.mach-o.dylib"; name = liballegro_video.5.2.7.dylib; path = "../allegroTest2/allegroTest2/Supporting Files/liballegro_video.5.2.7.dylib"; sourceTree = "<group>"; };
		2E2BAA3627E748A9005C87B7 /* liballegro_ttf.5.2.7.dylib */ = {isa = PBXFileReference; lastKnownFileType = "compiled.mach-o.dylib"; name = liballegro_ttf.5.2.7.dylib; path = "../allegroTest2/allegroTest2/Supporting Files/liballegro_ttf.5.2.7.dylib"; sourceTree = "<group>"; };
		2E2BAA3727E748A9005C87B7 /* liballegro.5.2.7.dylib */ = {isa = PBXFileReference; lastKnownFileType = "compiled.mach-o.dylib"; name = liballegro.5.2.7.dylib; path = "../allegroTest2/allegroTest2/Supporting Files/liballegro.5.2.7.dylib"; sourceTree = "<group>"; };
		2E2BAA3827E748A9005C87B7 /* liballegro_audio.5.2.7.dylib */ = {isa = PBXFileReference; lastKnownFileType = "compiled.mach-o.dylib"; name = liballegro_audio.5.2.7.dylib; path = "../allegroTest2/allegroTest2/Supporting Files/liballegro_audio.5.2.7.dylib"; sourceTree = "<group>"; };
		2E2BAA3927E748A9005C87B7 /* liballegro_physfs.5.2.7.dylib */ = {isa = PBXFileReference; lastKnownFileType = "compiled.mach-o.dylib"; name = liballegro_physfs.5.2.7.dylib; path = "../allegroTest2/allegroTest2/Supporting Files/liballegro_physfs.5.2.7.dylib"; sourceTree = "<group>"; };
		2E2BAA3A27E748A9005C87B7 /* liballegro_main.5.2.7.dylib */ = {isa = PBXFileReference; lastKnownFileType = "compiled.mach-o.dylib"; name = liballegro_main.5.2.7.dylib; path = "../allegroTest2/allegroTest2/Supporting Files/liballegro_main.5.2.7.dylib"; sourceTree = "<group>"; };
		2E2BAA3B27E748A9005C87B7 /* liballegro_acodec.5.2.7.dylib */ = {isa = PBXFileReference; lastKnownFileType = "compiled.mach-o.dylib"; name = liballegro_acodec.5.2.7.dylib; path = "../allegroTest2/allegroTest2/Supporting Files/liballegro_acodec.5.2.7.dylib"; sourceTree = "<group>"; };
		2E2BAA3C27E748A9005C87B7 /* liballegro_primitives.5.2.7.dylib */ = {isa = PBXFileReference; lastKnownFileType = "compiled.mach-o.dylib"; name = liballegro_primitives.5.2.7.dylib; path = "../allegroTest2/allegroTest2/Supporting Files/liballegro_primitives.5.2.7.dylib"; sourceTree = "<group>"; };
		2E2BAA3D27E748A9005C87B7 /* liballegro_image.5.2.7.dylib */ = {isa = PBXFileReference; lastKnownFileType = "compiled.mach-o.dylib"; name = liballegro_image.5.2.7.dylib; path = "../allegroTest2/allegroTest2/Supporting Files/liballegro_image.5.2.7.dylib"; sourceTree = "<group>"; };
		2E2BAA3E27E748A9005C87B7 /* liballegro_dialog.5.2.7.dylib */ = {isa = PBXFileReference; lastKnownFileType = "compiled.mach-o.dylib"; name = liballegro_dialog.5.2.7.dylib; path = "../allegroTest2/allegroTest2/Supporting Files/liballegro_dialog.5.2.7.dylib"; sourceTree = "<group>"; };
		2E2BAA3F27E748A9005C87B7 /* liballegro_color.5.2.7.dylib */ = {isa = PBXFileReference; lastKnownFileType = "compiled.mach-o.dylib"; name = liballegro_color.5.2.7.dylib; path = "../allegroTest2/allegroTest2/Supporting Files/liballegro_color.5.2.7.dylib"; sourceTree = "<group>"; };
		2E2BAA4027E748A9005C87B7 /* liballegro_memfile.5.2.7.dylib */ = {isa = PBXFileReference; lastKnownFileType = "compiled.mach-o.dylib"; name = liballegro_memfile.5.2.7.dylib; path = "../allegroTest2/allegroTest2/Supporting Files/liballegro_memfile.5.2.7.dylib"; sourceTree = "<group>"; };
		2E2BAA4127E748A9005C87B7 /* liballegro_font.5.2.7.dylib */ = {isa = PBXFileReference; lastKnownFileType = "compiled.mach-o.dylib"; name = liballegro_font.5.2.7.dylib; path = "../allegroTest2/allegroTest2/Supporting Files/liballegro_font.5.2.7.dylib"; sourceTree = "<group>"; };
		2E2BAA5E27E748FA005C87B7 /* main.c */ = {isa = PBXFileReference; lastKnownFileType = sourcecode.c.c; path = main.c; sourceTree = "<group>"; };
		2E2BAA6A27E75A91005C87B7 /* arial.ttf */ = {isa = PBXFileReference; lastKnownFileType = file; name = arial.ttf; path = ../../../../Downloads/arial/arial.ttf; sourceTree = "<group>"; };
		2E5DAE4727F44232001D5E75 /* List.h */ = {isa = PBXFileReference; lastKnownFileType = sourcecode.c.h; path = List.h; sourceTree = "<group>"; };
		2E5DAE4827F44232001D5E75 /* List.c */ = {isa = PBXFileReference; lastKnownFileType = sourcecode.c.c; path = List.c; sourceTree = "<group>"; };
		2E5DAE4A27F44323001D5E75 /* Queue.h */ = {isa = PBXFileReference; lastKnownFileType = sourcecode.c.h; path = Queue.h; sourceTree = "<group>"; };
		2E5DAE4B27F44323001D5E75 /* Queue.c */ = {isa = PBXFileReference; lastKnownFileType = sourcecode.c.c; path = Queue.c; sourceTree = "<group>"; };
		2E5DAE4D27F44347001D5E75 /* Graph.h */ = {isa = PBXFileReference; lastKnownFileType = sourcecode.c.h; path = Graph.h; sourceTree = "<group>"; };
		2E5DAE4E27F44347001D5E75 /* Graph.c */ = {isa = PBXFileReference; lastKnownFileType = sourcecode.c.c; path = Graph.c; sourceTree = "<group>"; };
/* End PBXFileReference section */

/* Begin PBXFrameworksBuildPhase section */
		2E2BAA1B27E747B6005C87B7 /* Frameworks */ = {
			isa = PBXFrameworksBuildPhase;
			buildActionMask = 2147483647;
			files = (
				2E2BAA4C27E748AA005C87B7 /* liballegro_main.5.2.7.dylib in Frameworks */,
				2E2BAA5027E748AA005C87B7 /* liballegro_primitives.5.2.7.dylib in Frameworks */,
				2E2BAA4A27E748AA005C87B7 /* liballegro_physfs.5.2.7.dylib in Frameworks */,
				2E2BAA4827E748AA005C87B7 /* liballegro_audio.5.2.7.dylib in Frameworks */,
				2E2BAA5A27E748AA005C87B7 /* liballegro_font.5.2.7.dylib in Frameworks */,
				2E2BAA5227E748AA005C87B7 /* liballegro_image.5.2.7.dylib in Frameworks */,
				2E2BAA4427E748AA005C87B7 /* liballegro_ttf.5.2.7.dylib in Frameworks */,
				2E2BAA5627E748AA005C87B7 /* liballegro_color.5.2.7.dylib in Frameworks */,
				2E2BAA5827E748AA005C87B7 /* liballegro_memfile.5.2.7.dylib in Frameworks */,
				2E2BAA4227E748A9005C87B7 /* liballegro_video.5.2.7.dylib in Frameworks */,
				2E2BAA5427E748AA005C87B7 /* liballegro_dialog.5.2.7.dylib in Frameworks */,
				2E2BAA4627E748AA005C87B7 /* liballegro.5.2.7.dylib in Frameworks */,
				2E2BAA4E27E748AA005C87B7 /* liballegro_acodec.5.2.7.dylib in Frameworks */,
			);
			runOnlyForDeploymentPostprocessing = 0;
		};
/* End PBXFrameworksBuildPhase section */

/* Begin PBXGroup section */
		2E2BAA1527E747B6005C87B7 = {
			isa = PBXGroup;
			children = (
				2E2BAA2027E747B6005C87B7 /* Przeszukiwanie Grafu metoda BFS */,
				2E2BAA1F27E747B6005C87B7 /* Products */,
				2E2BAA3427E748A9005C87B7 /* Frameworks */,
			);
			sourceTree = "<group>";
		};
		2E2BAA1F27E747B6005C87B7 /* Products */ = {
			isa = PBXGroup;
			children = (
				2E2BAA1E27E747B6005C87B7 /* Przeszukiwanie Grafu metoda BFS.app */,
			);
			name = Products;
			sourceTree = "<group>";
		};
		2E2BAA2027E747B6005C87B7 /* Przeszukiwanie Grafu metoda BFS */ = {
			isa = PBXGroup;
			children = (
				2E5DAE4627F44211001D5E75 /* Data_structures */,
				2E2BAA6A27E75A91005C87B7 /* arial.ttf */,
				2E2BAA2727E747B8005C87B7 /* Assets.xcassets */,
				2E2BAA2927E747B8005C87B7 /* Main.storyboard */,
				2E2BAA2E27E747B8005C87B7 /* Przeszukiwanie_Grafu_metoda_BFS.entitlements */,
				2E2BAA5E27E748FA005C87B7 /* main.c */,
			);
			path = "Przeszukiwanie Grafu metoda BFS";
			sourceTree = "<group>";
		};
		2E2BAA3427E748A9005C87B7 /* Frameworks */ = {
			isa = PBXGroup;
			children = (
				2E2BAA3B27E748A9005C87B7 /* liballegro_acodec.5.2.7.dylib */,
				2E2BAA3827E748A9005C87B7 /* liballegro_audio.5.2.7.dylib */,
				2E2BAA3F27E748A9005C87B7 /* liballegro_color.5.2.7.dylib */,
				2E2BAA3E27E748A9005C87B7 /* liballegro_dialog.5.2.7.dylib */,
				2E2BAA4127E748A9005C87B7 /* liballegro_font.5.2.7.dylib */,
				2E2BAA3D27E748A9005C87B7 /* liballegro_image.5.2.7.dylib */,
				2E2BAA3A27E748A9005C87B7 /* liballegro_main.5.2.7.dylib */,
				2E2BAA4027E748A9005C87B7 /* liballegro_memfile.5.2.7.dylib */,
				2E2BAA3927E748A9005C87B7 /* liballegro_physfs.5.2.7.dylib */,
				2E2BAA3C27E748A9005C87B7 /* liballegro_primitives.5.2.7.dylib */,
				2E2BAA3627E748A9005C87B7 /* liballegro_ttf.5.2.7.dylib */,
				2E2BAA3527E748A9005C87B7 /* liballegro_video.5.2.7.dylib */,
				2E2BAA3727E748A9005C87B7 /* liballegro.5.2.7.dylib */,
			);
			name = Frameworks;
			sourceTree = "<group>";
		};
		2E5DAE4627F44211001D5E75 /* Data_structures */ = {
			isa = PBXGroup;
			children = (
				2E5DAE4727F44232001D5E75 /* List.h */,
				2E5DAE4827F44232001D5E75 /* List.c */,
				2E5DAE4A27F44323001D5E75 /* Queue.h */,
				2E5DAE4B27F44323001D5E75 /* Queue.c */,
				2E5DAE4D27F44347001D5E75 /* Graph.h */,
				2E5DAE4E27F44347001D5E75 /* Graph.c */,
			);
			path = Data_structures;
			sourceTree = "<group>";
		};
/* End PBXGroup section */

/* Begin PBXNativeTarget section */
		2E2BAA1D27E747B6005C87B7 /* Przeszukiwanie Grafu metoda BFS */ = {
			isa = PBXNativeTarget;
			buildConfigurationList = 2E2BAA3127E747B8005C87B7 /* Build configuration list for PBXNativeTarget "Przeszukiwanie Grafu metoda BFS" */;
			buildPhases = (
				2E2BAA1A27E747B6005C87B7 /* Sources */,
				2E2BAA1B27E747B6005C87B7 /* Frameworks */,
				2E2BAA1C27E747B6005C87B7 /* Resources */,
				2E2BAA5C27E748AA005C87B7 /* Embed Libraries */,
			);
			buildRules = (
			);
			dependencies = (
			);
			name = "Przeszukiwanie Grafu metoda BFS";
			productName = "Przeszukiwanie Grafu metoda BFS";
			productReference = 2E2BAA1E27E747B6005C87B7 /* Przeszukiwanie Grafu metoda BFS.app */;
			productType = "com.apple.product-type.application";
		};
/* End PBXNativeTarget section */

/* Begin PBXProject section */
		2E2BAA1627E747B6005C87B7 /* Project object */ = {
			isa = PBXProject;
			attributes = {
				BuildIndependentTargetsInParallel = 1;
				LastUpgradeCheck = 1330;
				TargetAttributes = {
					2E2BAA1D27E747B6005C87B7 = {
						CreatedOnToolsVersion = 13.3;
					};
				};
			};
			buildConfigurationList = 2E2BAA1927E747B6005C87B7 /* Build configuration list for PBXProject "Przeszukiwanie Grafu metoda BFS" */;
			compatibilityVersion = "Xcode 13.0";
			developmentRegion = en;
			hasScannedForEncodings = 0;
			knownRegions = (
				en,
				Base,
			);
			mainGroup = 2E2BAA1527E747B6005C87B7;
			productRefGroup = 2E2BAA1F27E747B6005C87B7 /* Products */;
			projectDirPath = "";
			projectRoot = "";
			targets = (
				2E2BAA1D27E747B6005C87B7 /* Przeszukiwanie Grafu metoda BFS */,
			);
		};
/* End PBXProject section */

/* Begin PBXResourcesBuildPhase section */
		2E2BAA1C27E747B6005C87B7 /* Resources */ = {
			isa = PBXResourcesBuildPhase;
			buildActionMask = 2147483647;
			files = (
				2E2BAA2827E747B8005C87B7 /* Assets.xcassets in Resources */,
				2E2BAA2B27E747B8005C87B7 /* Main.storyboard in Resources */,
			);
			runOnlyForDeploymentPostprocessing = 0;
		};
/* End PBXResourcesBuildPhase section */

/* Begin PBXSourcesBuildPhase section */
		2E2BAA1A27E747B6005C87B7 /* Sources */ = {
			isa = PBXSourcesBuildPhase;
			buildActionMask = 2147483647;
			files = (
				2E5DAE4C27F44323001D5E75 /* Queue.c in Sources */,
				2E2BAA5F27E748FA005C87B7 /* main.c in Sources */,
				2E5DAE4F27F44347001D5E75 /* Graph.c in Sources */,
				2E5DAE4927F44232001D5E75 /* List.c in Sources */,
			);
			runOnlyForDeploymentPostprocessing = 0;
		};
/* End PBXSourcesBuildPhase section */

/* Begin PBXVariantGroup section */
		2E2BAA2927E747B8005C87B7 /* Main.storyboard */ = {
			isa = PBXVariantGroup;
			children = (
				2E2BAA2A27E747B8005C87B7 /* Base */,
			);
			name = Main.storyboard;
			sourceTree = "<group>";
		};
/* End PBXVariantGroup section */

/* Begin XCBuildConfiguration section */
		2E2BAA2F27E747B8005C87B7 /* Debug */ = {
			isa = XCBuildConfiguration;
			buildSettings = {
				ALWAYS_SEARCH_USER_PATHS = NO;
				CLANG_ANALYZER_NONNULL = YES;
				CLANG_ANALYZER_NUMBER_OBJECT_CONVERSION = YES_AGGRESSIVE;
				CLANG_CXX_LANGUAGE_STANDARD = "gnu++17";
				CLANG_ENABLE_MODULES = YES;
				CLANG_ENABLE_OBJC_ARC = YES;
				CLANG_ENABLE_OBJC_WEAK = YES;
				CLANG_WARN_BLOCK_CAPTURE_AUTORELEASING = YES;
				CLANG_WARN_BOOL_CONVERSION = YES;
				CLANG_WARN_COMMA = YES;
				CLANG_WARN_CONSTANT_CONVERSION = YES;
				CLANG_WARN_DEPRECATED_OBJC_IMPLEMENTATIONS = YES;
				CLANG_WARN_DIRECT_OBJC_ISA_USAGE = YES_ERROR;
				CLANG_WARN_DOCUMENTATION_COMMENTS = YES;
				CLANG_WARN_EMPTY_BODY = YES;
				CLANG_WARN_ENUM_CONVERSION = YES;
				CLANG_WARN_INFINITE_RECURSION = YES;
				CLANG_WARN_INT_CONVERSION = YES;
				CLANG_WARN_NON_LITERAL_NULL_CONVERSION = YES;
				CLANG_WARN_OBJC_IMPLICIT_RETAIN_SELF = YES;
				CLANG_WARN_OBJC_LITERAL_CONVERSION = YES;
				CLANG_WARN_OBJC_ROOT_CLASS = YES_ERROR;
				CLANG_WARN_QUOTED_INCLUDE_IN_FRAMEWORK_HEADER = YES;
				CLANG_WARN_RANGE_LOOP_ANALYSIS = YES;
				CLANG_WARN_STRICT_PROTOTYPES = YES;
				CLANG_WARN_SUSPICIOUS_MOVE = YES;
				CLANG_WARN_UNGUARDED_AVAILABILITY = YES_AGGRESSIVE;
				CLANG_WARN_UNREACHABLE_CODE = YES;
				CLANG_WARN__DUPLICATE_METHOD_MATCH = YES;
				COPY_PHASE_STRIP = NO;
				DEBUG_INFORMATION_FORMAT = dwarf;
				ENABLE_STRICT_OBJC_MSGSEND = YES;
				ENABLE_TESTABILITY = YES;
				GCC_C_LANGUAGE_STANDARD = gnu11;
				GCC_DYNAMIC_NO_PIC = NO;
				GCC_NO_COMMON_BLOCKS = YES;
				GCC_OPTIMIZATION_LEVEL = 0;
				GCC_PREPROCESSOR_DEFINITIONS = (
					"DEBUG=1",
					"$(inherited)",
				);
				GCC_WARN_64_TO_32_BIT_CONVERSION = YES;
				GCC_WARN_ABOUT_RETURN_TYPE = YES_ERROR;
				GCC_WARN_UNDECLARED_SELECTOR = YES;
				GCC_WARN_UNINITIALIZED_AUTOS = YES_AGGRESSIVE;
				GCC_WARN_UNUSED_FUNCTION = YES;
				GCC_WARN_UNUSED_VARIABLE = YES;
				MACOSX_DEPLOYMENT_TARGET = 12.3;
				MTL_ENABLE_DEBUG_INFO = INCLUDE_SOURCE;
				MTL_FAST_MATH = YES;
				ONLY_ACTIVE_ARCH = YES;
				SDKROOT = macosx;
			};
			name = Debug;
		};
		2E2BAA3027E747B8005C87B7 /* Release */ = {
			isa = XCBuildConfiguration;
			buildSettings = {
				ALWAYS_SEARCH_USER_PATHS = NO;
				CLANG_ANALYZER_NONNULL = YES;
				CLANG_ANALYZER_NUMBER_OBJECT_CONVERSION = YES_AGGRESSIVE;
				CLANG_CXX_LANGUAGE_STANDARD = "gnu++17";
				CLANG_ENABLE_MODULES = YES;
				CLANG_ENABLE_OBJC_ARC = YES;
				CLANG_ENABLE_OBJC_WEAK = YES;
				CLANG_WARN_BLOCK_CAPTURE_AUTORELEASING = YES;
				CLANG_WARN_BOOL_CONVERSION = YES;
				CLANG_WARN_COMMA = YES;
				CLANG_WARN_CONSTANT_CONVERSION = YES;
				CLANG_WARN_DEPRECATED_OBJC_IMPLEMENTATIONS = YES;
				CLANG_WARN_DIRECT_OBJC_ISA_USAGE = YES_ERROR;
				CLANG_WARN_DOCUMENTATION_COMMENTS = YES;
				CLANG_WARN_EMPTY_BODY = YES;
				CLANG_WARN_ENUM_CONVERSION = YES;
				CLANG_WARN_INFINITE_RECURSION = YES;
				CLANG_WARN_INT_CONVERSION = YES;
				CLANG_WARN_NON_LITERAL_NULL_CONVERSION = YES;
				CLANG_WARN_OBJC_IMPLICIT_RETAIN_SELF = YES;
				CLANG_WARN_OBJC_LITERAL_CONVERSION = YES;
				CLANG_WARN_OBJC_ROOT_CLASS = YES_ERROR;
				CLANG_WARN_QUOTED_INCLUDE_IN_FRAMEWORK_HEADER = YES;
				CLANG_WARN_RANGE_LOOP_ANALYSIS = YES;
				CLANG_WARN_STRICT_PROTOTYPES = YES;
				CLANG_WARN_SUSPICIOUS_MOVE = YES;
				CLANG_WARN_UNGUARDED_AVAILABILITY = YES_AGGRESSIVE;
				CLANG_WARN_UNREACHABLE_CODE = YES;
				CLANG_WARN__DUPLICATE_METHOD_MATCH = YES;
				COPY_PHASE_STRIP = NO;
				DEBUG_INFORMATION_FORMAT = "dwarf-with-dsym";
				ENABLE_NS_ASSERTIONS = NO;
				ENABLE_STRICT_OBJC_MSGSEND = YES;
				GCC_C_LANGUAGE_STANDARD = gnu11;
				GCC_NO_COMMON_BLOCKS = YES;
				GCC_WARN_64_TO_32_BIT_CONVERSION = YES;
				GCC_WARN_ABOUT_RETURN_TYPE = YES_ERROR;
				GCC_WARN_UNDECLARED_SELECTOR = YES;
				GCC_WARN_UNINITIALIZED_AUTOS = YES_AGGRESSIVE;
				GCC_WARN_UNUSED_FUNCTION = YES;
				GCC_WARN_UNUSED_VARIABLE = YES;
				MACOSX_DEPLOYMENT_TARGET = 12.3;
				MTL_ENABLE_DEBUG_INFO = NO;
				MTL_FAST_MATH = YES;
				SDKROOT = macosx;
			};
			name = Release;
		};
		2E2BAA3227E747B8005C87B7 /* Debug */ = {
			isa = XCBuildConfiguration;
			buildSettings = {
				ASSETCATALOG_COMPILER_APPICON_NAME = AppIcon;
				ASSETCATALOG_COMPILER_GLOBAL_ACCENT_COLOR_NAME = AccentColor;
				CLANG_CXX_LANGUAGE_STANDARD = "gnu++0x";
				CODE_SIGN_ENTITLEMENTS = "Przeszukiwanie Grafu metoda BFS/Przeszukiwanie_Grafu_metoda_BFS.entitlements";
				CODE_SIGN_STYLE = Automatic;
				COMBINE_HIDPI_IMAGES = YES;
				CURRENT_PROJECT_VERSION = 1;
				GENERATE_INFOPLIST_FILE = YES;
				HEADER_SEARCH_PATHS = /usr/local/include;
				INFOPLIST_KEY_NSHumanReadableCopyright = "";
				INFOPLIST_KEY_NSMainStoryboardFile = Main;
				INFOPLIST_KEY_NSPrincipalClass = NSApplication;
				LD_RUNPATH_SEARCH_PATHS = (
					"$(inherited)",
					"@executable_path/../Frameworks",
				);
				LIBRARY_SEARCH_PATHS = /usr/local/lib;
				MARKETING_VERSION = 1.0;
				PRODUCT_BUNDLE_IDENTIFIER = "projekt.Przeszukiwanie-Grafu-metoda-BFS";
				PRODUCT_NAME = "$(TARGET_NAME)";
				SWIFT_EMIT_LOC_STRINGS = YES;
			};
			name = Debug;
		};
		2E2BAA3327E747B8005C87B7 /* Release */ = {
			isa = XCBuildConfiguration;
			buildSettings = {
				ASSETCATALOG_COMPILER_APPICON_NAME = AppIcon;
				ASSETCATALOG_COMPILER_GLOBAL_ACCENT_COLOR_NAME = AccentColor;
				CLANG_CXX_LANGUAGE_STANDARD = "gnu++0x";
				CODE_SIGN_ENTITLEMENTS = "Przeszukiwanie Grafu metoda BFS/Przeszukiwanie_Grafu_metoda_BFS.entitlements";
				CODE_SIGN_STYLE = Automatic;
				COMBINE_HIDPI_IMAGES = YES;
				CURRENT_PROJECT_VERSION = 1;
				GENERATE_INFOPLIST_FILE = YES;
				HEADER_SEARCH_PATHS = /usr/local/include;
				INFOPLIST_KEY_NSHumanReadableCopyright = "";
				INFOPLIST_KEY_NSMainStoryboardFile = Main;
				INFOPLIST_KEY_NSPrincipalClass = NSApplication;
				LD_RUNPATH_SEARCH_PATHS = (
					"$(inherited)",
					"@executable_path/../Frameworks",
				);
				LIBRARY_SEARCH_PATHS = /usr/local/lib;
				MARKETING_VERSION = 1.0;
				PRODUCT_BUNDLE_IDENTIFIER = "projekt.Przeszukiwanie-Grafu-metoda-BFS";
				PRODUCT_NAME = "$(TARGET_NAME)";
				SWIFT_EMIT_LOC_STRINGS = YES;
			};
			name = Release;
		};
/* End XCBuildConfiguration section */

/* Begin XCConfigurationList section */
		2E2BAA1927E747B6005C87B7 /* Build configuration list for PBXProject "Przeszukiwanie Grafu metoda BFS" */ = {
			isa = XCConfigurationList;
			buildConfigurations = (
				2E2BAA2F27E747B8005C87B7 /* Debug */,
				2E2BAA3027E747B8005C87B7 /* Release */,
			);
			defaultConfigurationIsVisible = 0;
			defaultConfigurationName = Release;
		};
		2E2BAA3127E747B8005C87B7 /* Build configuration list for PBXNativeTarget "Przeszukiwanie Grafu metoda BFS" */ = {
			isa = XCConfigurationList;
			buildConfigurations = (
				2E2BAA3227E747B8005C87B7 /* Debug */,
				2E2BAA3327E747B8005C87B7 /* Release */,
			);
			defaultConfigurationIsVisible = 0;
			defaultConfigurationName = Release;
		};
/* End XCConfigurationList section */
	};
	rootObject = 2E2BAA1627E747B6005C87B7 /* Project object */;
}
